# This file is automatically @generated by Cargo.
# It is not intended for manual editing.
version = 4

[[package]]
name = "docvault"
version = "0.1.0"
dependencies = [
 "docvault-core",
]

[[package]]
name = "docvault-core"
version = "0.1.0"
dependencies = [
 "docvault-types",
]

[[package]]
name = "docvault-jobs"
version = "0.1.0"

[[package]]
name = "docvault-ooxml"
version = "0.1.0"

[[package]]
name = "docvault-storage"
version = "0.1.0"

[[package]]
name = "docvault-types"
version = "0.1.0"
